
Microsoft Visual Studio Solution File, Format Version 12.00
# Visual Studio Version 17
VisualStudioVersion = 17.3.32901.215
MinimumVisualStudioVersion = 10.0.40219.1
Project("{FAE04EC0-301F-11D3-BF4B-00C04F79EFBC}") = "CoderPadTest", "CoderPadTest\CoderPadTest.csproj", "{C5CCCC0F-FA5E-4D79-AC46-4F333B967523}"
EndProject
Global
	GlobalSection(SolutionConfigurationPlatforms) = preSolution
		Debug|Any CPU = Debug|Any CPU
		Release|Any CPU = Release|Any CPU
	EndGlobalSection
	GlobalSection(ProjectConfigurationPlatforms) = postSolution
		{C5CCCC0F-FA5E-4D79-AC46-4F333B967523}.Debug|Any CPU.ActiveCfg = Debug|Any CPU
		{C5CCCC0F-FA5E-4D79-AC46-4F333B967523}.Debug|Any CPU.Build.0 = Debug|Any CPU
		{C5CCCC0F-FA5E-4D79-AC46-4F333B967523}.Release|Any CPU.ActiveCfg = Release|Any CPU
		{C5CCCC0F-FA5E-4D79-AC46-4F333B967523}.Release|Any CPU.Build.0 = Release|Any CPU
	EndGlobalSection
	GlobalSection(SolutionProperties) = preSolution
		HideSolutionNode = FALSE
	EndGlobalSection
	GlobalSection(ExtensibilityGlobals) = postSolution
		SolutionGuid = {B25E5EA6-2B83-4A06-BD2A-128D838F0449}
	EndGlobalSection
EndGlobal
